
Microsoft Visual Studio Solution File, Format Version 12.00
# Visual Studio Version 17
VisualStudioVersion = 17.0.31903.59
MinimumVisualStudioVersion = 10.0.40219.1
Project("{FAE04EC0-301F-11D3-BF4B-00C04F79EFBC}") = "LR1Tools", "LR1Tools.csproj", "{84B2E510-1B3C-41F5-A870-40D8CBAA7D32}"
EndProject
Project("{FAE04EC0-301F-11D3-BF4B-00C04F79EFBC}") = "LibLR1", "..\LibLR1\LibLR1\LibLR1.csproj", "{A2A136B6-C68E-4F1A-B565-BA561E28084D}"
EndProject
Project("{FAE04EC0-301F-11D3-BF4B-00C04F79EFBC}") = "Tester", "Tester\Tester.csproj", "{F398BC5F-C55E-453D-8ED8-900D63A3DC13}"
EndProject
Global
	GlobalSection(SolutionConfigurationPlatforms) = preSolution
		Debug|Any CPU = Debug|Any CPU
		Debug|x64 = Debug|x64
		Debug|x86 = Debug|x86
		Release|Any CPU = Release|Any CPU
		Release|x64 = Release|x64
		Release|x86 = Release|x86
	EndGlobalSection
	GlobalSection(ProjectConfigurationPlatforms) = postSolution
		{84B2E510-1B3C-41F5-A870-40D8CBAA7D32}.Debug|Any CPU.ActiveCfg = Debug|Any CPU
		{84B2E510-1B3C-41F5-A870-40D8CBAA7D32}.Debug|Any CPU.Build.0 = Debug|Any CPU
		{84B2E510-1B3C-41F5-A870-40D8CBAA7D32}.Debug|x64.ActiveCfg = Debug|Any CPU
		{84B2E510-1B3C-41F5-A870-40D8CBAA7D32}.Debug|x64.Build.0 = Debug|Any CPU
		{84B2E510-1B3C-41F5-A870-40D8CBAA7D32}.Debug|x86.ActiveCfg = Debug|Any CPU
		{84B2E510-1B3C-41F5-A870-40D8CBAA7D32}.Debug|x86.Build.0 = Debug|Any CPU
		{84B2E510-1B3C-41F5-A870-40D8CBAA7D32}.Release|Any CPU.ActiveCfg = Release|Any CPU
		{84B2E510-1B3C-41F5-A870-40D8CBAA7D32}.Release|Any CPU.Build.0 = Release|Any CPU
		{84B2E510-1B3C-41F5-A870-40D8CBAA7D32}.Release|x64.ActiveCfg = Release|Any CPU
		{84B2E510-1B3C-41F5-A870-40D8CBAA7D32}.Release|x64.Build.0 = Release|Any CPU
		{84B2E510-1B3C-41F5-A870-40D8CBAA7D32}.Release|x86.ActiveCfg = Release|Any CPU
		{84B2E510-1B3C-41F5-A870-40D8CBAA7D32}.Release|x86.Build.0 = Release|Any CPU
		{A2A136B6-C68E-4F1A-B565-BA561E28084D}.Debug|Any CPU.ActiveCfg = Debug|Any CPU
		{A2A136B6-C68E-4F1A-B565-BA561E28084D}.Debug|Any CPU.Build.0 = Debug|Any CPU
		{A2A136B6-C68E-4F1A-B565-BA561E28084D}.Debug|x64.ActiveCfg = Debug|Any CPU
		{A2A136B6-C68E-4F1A-B565-BA561E28084D}.Debug|x64.Build.0 = Debug|Any CPU
		{A2A136B6-C68E-4F1A-B565-BA561E28084D}.Debug|x86.ActiveCfg = Debug|Any CPU
		{A2A136B6-C68E-4F1A-B565-BA561E28084D}.Debug|x86.Build.0 = Debug|Any CPU
		{A2A136B6-C68E-4F1A-B565-BA561E28084D}.Release|Any CPU.ActiveCfg = Release|Any CPU
		{A2A136B6-C68E-4F1A-B565-BA561E28084D}.Release|Any CPU.Build.0 = Release|Any CPU
		{A2A136B6-C68E-4F1A-B565-BA561E28084D}.Release|x64.ActiveCfg = Release|Any CPU
		{A2A136B6-C68E-4F1A-B565-BA561E28084D}.Release|x64.Build.0 = Release|Any CPU
		{A2A136B6-C68E-4F1A-B565-BA561E28084D}.Release|x86.ActiveCfg = Release|Any CPU
		{A2A136B6-C68E-4F1A-B565-BA561E28084D}.Release|x86.Build.0 = Release|Any CPU
		{F398BC5F-C55E-453D-8ED8-900D63A3DC13}.Debug|Any CPU.ActiveCfg = Debug|Any CPU
		{F398BC5F-C55E-453D-8ED8-900D63A3DC13}.Debug|Any CPU.Build.0 = Debug|Any CPU
		{F398BC5F-C55E-453D-8ED8-900D63A3DC13}.Debug|x64.ActiveCfg = Debug|Any CPU
		{F398BC5F-C55E-453D-8ED8-900D63A3DC13}.Debug|x64.Build.0 = Debug|Any CPU
		{F398BC5F-C55E-453D-8ED8-900D63A3DC13}.Debug|x86.ActiveCfg = Debug|Any CPU
		{F398BC5F-C55E-453D-8ED8-900D63A3DC13}.Debug|x86.Build.0 = Debug|Any CPU
		{F398BC5F-C55E-453D-8ED8-900D63A3DC13}.Release|Any CPU.ActiveCfg = Release|Any CPU
		{F398BC5F-C55E-453D-8ED8-900D63A3DC13}.Release|Any CPU.Build.0 = Release|Any CPU
		{F398BC5F-C55E-453D-8ED8-900D63A3DC13}.Release|x64.ActiveCfg = Release|Any CPU
		{F398BC5F-C55E-453D-8ED8-900D63A3DC13}.Release|x64.Build.0 = Release|Any CPU
		{F398BC5F-C55E-453D-8ED8-900D63A3DC13}.Release|x86.ActiveCfg = Release|Any CPU
		{F398BC5F-C55E-453D-8ED8-900D63A3DC13}.Release|x86.Build.0 = Release|Any CPU
	EndGlobalSection
	GlobalSection(SolutionProperties) = preSolution
		HideSolutionNode = FALSE
	EndGlobalSection
EndGlobal
