
Microsoft Visual Studio Solution File, Format Version 12.00
# Visual Studio Version 17
VisualStudioVersion = 17.0.31903.59
MinimumVisualStudioVersion = 10.0.40219.1
Project("{FAE04EC0-301F-11D3-BF4B-00C04F79EFBC}") = "LR1Tools", "LR1Tools.csproj", "{84B2E510-1B3C-41F5-A870-40D8CBAA7D32}"
EndProject
Project("{FAE04EC0-301F-11D3-BF4B-00C04F79EFBC}") = "LibLR1", "..\LibLR1\LibLR1.csproj", "{A2A136B6-C68E-4F1A-B565-BA561E28084D}"
EndProject
Project("{FAE04EC0-301F-11D3-BF4B-00C04F79EFBC}") = "Tester", "Tester\Tester.csproj", "{F398BC5F-C55E-453D-8ED8-900D63A3DC13}"
EndProject
Project("{FAE04EC0-301F-11D3-BF4B-00C04F79EFBC}") = "RacerAssetExtractor", "RacerAssetExtractor\LR1RacerAssetExtractor.csproj", "{B66FC8A8-7F45-4A2D-8A82-672257B3A2F1}"
EndProject
Project("{FAE04EC0-301F-11D3-BF4B-00C04F79EFBC}") = "CSetEditor", "CSetEditor\CSetEditor.csproj", "{B8C3E23B-0C1E-4B61-B398-5B0B5748D0F1}"
EndProject
Project("{FAE04EC0-301F-11D3-BF4B-00C04F79EFBC}") = "BrickManifest", "BrickManifest\BrickManifest.csproj", "{CA0A8C78-B7BF-4EF6-BB76-3CACA4A7E6DD}"
EndProject
Project("{FAE04EC0-301F-11D3-BF4B-00C04F79EFBC}") = "JamTool", "JamTool\LR1Tools.JamTool.csproj", "{D428648D-6AE5-438B-8D32-01D8BEFBE78E}"
EndProject
Project("{FAE04EC0-301F-11D3-BF4B-00C04F79EFBC}") = "TRBPropertyDump", "TRBPropertyDump\TRBPropertyDump.csproj", "{6F2A7718-3A9B-4CE2-843B-CB7AEEA59046}"
EndProject
Project("{FAE04EC0-301F-11D3-BF4B-00C04F79EFBC}") = "CPBPropertyDump", "CPBPropertyDump\CPBPropertyDump.csproj", "{3F7A6F18-5A18-4C9D-A6F1-7DB9627AC4D8}"
EndProject
Project("{FAE04EC0-301F-11D3-BF4B-00C04F79EFBC}") = "TIBPropertyDump", "TIBPropertyDump\TIBPropertyDump.csproj", "{8BAD5177-AD71-4AE4-B880-E0C7AFC20714}"
EndProject
Global
	GlobalSection(SolutionConfigurationPlatforms) = preSolution
		Debug|Any CPU = Debug|Any CPU
		Debug|x64 = Debug|x64
		Debug|x86 = Debug|x86
		Release|Any CPU = Release|Any CPU
		Release|x64 = Release|x64
		Release|x86 = Release|x86
	EndGlobalSection
	GlobalSection(ProjectConfigurationPlatforms) = postSolution
		{84B2E510-1B3C-41F5-A870-40D8CBAA7D32}.Debug|Any CPU.ActiveCfg = Debug|Any CPU
		{84B2E510-1B3C-41F5-A870-40D8CBAA7D32}.Debug|Any CPU.Build.0 = Debug|Any CPU
		{84B2E510-1B3C-41F5-A870-40D8CBAA7D32}.Debug|x64.ActiveCfg = Debug|Any CPU
		{84B2E510-1B3C-41F5-A870-40D8CBAA7D32}.Debug|x64.Build.0 = Debug|Any CPU
		{84B2E510-1B3C-41F5-A870-40D8CBAA7D32}.Debug|x86.ActiveCfg = Debug|Any CPU
		{84B2E510-1B3C-41F5-A870-40D8CBAA7D32}.Debug|x86.Build.0 = Debug|Any CPU
		{84B2E510-1B3C-41F5-A870-40D8CBAA7D32}.Release|Any CPU.ActiveCfg = Release|Any CPU
		{84B2E510-1B3C-41F5-A870-40D8CBAA7D32}.Release|Any CPU.Build.0 = Release|Any CPU
		{84B2E510-1B3C-41F5-A870-40D8CBAA7D32}.Release|x64.ActiveCfg = Release|Any CPU
		{84B2E510-1B3C-41F5-A870-40D8CBAA7D32}.Release|x64.Build.0 = Release|Any CPU
		{84B2E510-1B3C-41F5-A870-40D8CBAA7D32}.Release|x86.ActiveCfg = Release|Any CPU
		{84B2E510-1B3C-41F5-A870-40D8CBAA7D32}.Release|x86.Build.0 = Release|Any CPU
		{A2A136B6-C68E-4F1A-B565-BA561E28084D}.Debug|Any CPU.ActiveCfg = Debug|Any CPU
		{A2A136B6-C68E-4F1A-B565-BA561E28084D}.Debug|Any CPU.Build.0 = Debug|Any CPU
		{A2A136B6-C68E-4F1A-B565-BA561E28084D}.Debug|x64.ActiveCfg = Debug|Any CPU
		{A2A136B6-C68E-4F1A-B565-BA561E28084D}.Debug|x64.Build.0 = Debug|Any CPU
		{A2A136B6-C68E-4F1A-B565-BA561E28084D}.Debug|x86.ActiveCfg = Debug|Any CPU
		{A2A136B6-C68E-4F1A-B565-BA561E28084D}.Debug|x86.Build.0 = Debug|Any CPU
		{A2A136B6-C68E-4F1A-B565-BA561E28084D}.Release|Any CPU.ActiveCfg = Release|Any CPU
		{A2A136B6-C68E-4F1A-B565-BA561E28084D}.Release|Any CPU.Build.0 = Release|Any CPU
		{A2A136B6-C68E-4F1A-B565-BA561E28084D}.Release|x64.ActiveCfg = Release|Any CPU
		{A2A136B6-C68E-4F1A-B565-BA561E28084D}.Release|x64.Build.0 = Release|Any CPU
		{A2A136B6-C68E-4F1A-B565-BA561E28084D}.Release|x86.ActiveCfg = Release|Any CPU
		{A2A136B6-C68E-4F1A-B565-BA561E28084D}.Release|x86.Build.0 = Release|Any CPU
		{F398BC5F-C55E-453D-8ED8-900D63A3DC13}.Debug|Any CPU.ActiveCfg = Debug|Any CPU
		{F398BC5F-C55E-453D-8ED8-900D63A3DC13}.Debug|Any CPU.Build.0 = Debug|Any CPU
		{F398BC5F-C55E-453D-8ED8-900D63A3DC13}.Debug|x64.ActiveCfg = Debug|Any CPU
		{F398BC5F-C55E-453D-8ED8-900D63A3DC13}.Debug|x64.Build.0 = Debug|Any CPU
		{F398BC5F-C55E-453D-8ED8-900D63A3DC13}.Debug|x86.ActiveCfg = Debug|Any CPU
		{F398BC5F-C55E-453D-8ED8-900D63A3DC13}.Debug|x86.Build.0 = Debug|Any CPU
		{F398BC5F-C55E-453D-8ED8-900D63A3DC13}.Release|Any CPU.ActiveCfg = Release|Any CPU
		{F398BC5F-C55E-453D-8ED8-900D63A3DC13}.Release|Any CPU.Build.0 = Release|Any CPU
		{F398BC5F-C55E-453D-8ED8-900D63A3DC13}.Release|x64.ActiveCfg = Release|Any CPU
		{F398BC5F-C55E-453D-8ED8-900D63A3DC13}.Release|x64.Build.0 = Release|Any CPU
		{F398BC5F-C55E-453D-8ED8-900D63A3DC13}.Release|x86.ActiveCfg = Release|Any CPU
		{F398BC5F-C55E-453D-8ED8-900D63A3DC13}.Release|x86.Build.0 = Release|Any CPU
		{B66FC8A8-7F45-4A2D-8A82-672257B3A2F1}.Debug|Any CPU.ActiveCfg = Debug|Any CPU
		{B66FC8A8-7F45-4A2D-8A82-672257B3A2F1}.Debug|Any CPU.Build.0 = Debug|Any CPU
		{B66FC8A8-7F45-4A2D-8A82-672257B3A2F1}.Debug|x64.ActiveCfg = Debug|Any CPU
		{B66FC8A8-7F45-4A2D-8A82-672257B3A2F1}.Debug|x64.Build.0 = Debug|Any CPU
		{B66FC8A8-7F45-4A2D-8A82-672257B3A2F1}.Debug|x86.ActiveCfg = Debug|Any CPU
		{B66FC8A8-7F45-4A2D-8A82-672257B3A2F1}.Debug|x86.Build.0 = Debug|Any CPU
		{B66FC8A8-7F45-4A2D-8A82-672257B3A2F1}.Release|x86.ActiveCfg = Release|Any CPU
		{B66FC8A8-7F45-4A2D-8A82-672257B3A2F1}.Release|x86.Build.0 = Release|Any CPU
		{B8C3E23B-0C1E-4B61-B398-5B0B5748D0F1}.Debug|Any CPU.ActiveCfg = Debug|Any CPU
		{B8C3E23B-0C1E-4B61-B398-5B0B5748D0F1}.Debug|Any CPU.Build.0 = Debug|Any CPU
		{B8C3E23B-0C1E-4B61-B398-5B0B5748D0F1}.Release|Any CPU.ActiveCfg = Release|Any CPU
		{B8C3E23B-0C1E-4B61-B398-5B0B5748D0F1}.Release|Any CPU.Build.0 = Release|Any CPU
		{CA0A8C78-B7BF-4EF6-BB76-3CACA4A7E6DD}.Debug|Any CPU.ActiveCfg = Debug|Any CPU
		{CA0A8C78-B7BF-4EF6-BB76-3CACA4A7E6DD}.Debug|Any CPU.Build.0 = Debug|Any CPU
		{CA0A8C78-B7BF-4EF6-BB76-3CACA4A7E6DD}.Release|Any CPU.ActiveCfg = Release|Any CPU
		{CA0A8C78-B7BF-4EF6-BB76-3CACA4A7E6DD}.Release|Any CPU.Build.0 = Release|Any CPU
		{D428648D-6AE5-438B-8D32-01D8BEFBE78E}.Debug|Any CPU.ActiveCfg = Debug|Any CPU
		{D428648D-6AE5-438B-8D32-01D8BEFBE78E}.Debug|Any CPU.Build.0 = Debug|Any CPU
		{D428648D-6AE5-438B-8D32-01D8BEFBE78E}.Release|Any CPU.ActiveCfg = Release|Any CPU
		{D428648D-6AE5-438B-8D32-01D8BEFBE78E}.Release|Any CPU.Build.0 = Release|Any CPU
		{6F2A7718-3A9B-4CE2-843B-CB7AEEA59046}.Debug|Any CPU.ActiveCfg = Debug|Any CPU
		{6F2A7718-3A9B-4CE2-843B-CB7AEEA59046}.Debug|Any CPU.Build.0 = Debug|Any CPU
		{6F2A7718-3A9B-4CE2-843B-CB7AEEA59046}.Release|Any CPU.ActiveCfg = Release|Any CPU
		{6F2A7718-3A9B-4CE2-843B-CB7AEEA59046}.Release|Any CPU.Build.0 = Release|Any CPU
		{3F7A6F18-5A18-4C9D-A6F1-7DB9627AC4D8}.Debug|Any CPU.ActiveCfg = Debug|Any CPU
		{3F7A6F18-5A18-4C9D-A6F1-7DB9627AC4D8}.Debug|Any CPU.Build.0 = Debug|Any CPU
		{3F7A6F18-5A18-4C9D-A6F1-7DB9627AC4D8}.Release|Any CPU.ActiveCfg = Release|Any CPU
		{3F7A6F18-5A18-4C9D-A6F1-7DB9627AC4D8}.Release|Any CPU.Build.0 = Release|Any CPU
		{8BAD5177-AD71-4AE4-B880-E0C7AFC20714}.Debug|Any CPU.ActiveCfg = Debug|Any CPU
		{8BAD5177-AD71-4AE4-B880-E0C7AFC20714}.Debug|Any CPU.Build.0 = Debug|Any CPU
		{8BAD5177-AD71-4AE4-B880-E0C7AFC20714}.Release|Any CPU.ActiveCfg = Release|Any CPU
		{8BAD5177-AD71-4AE4-B880-E0C7AFC20714}.Release|Any CPU.Build.0 = Release|Any CPU
		{B66FC8A8-7F45-4A2D-8A82-672257B3A2F1}.Release|x64.ActiveCfg = Release|Any CPU
		{B66FC8A8-7F45-4A2D-8A82-672257B3A2F1}.Release|x64.Build.0 = Release|Any CPU
		{B66FC8A8-7F45-4A2D-8A82-672257B3A2F1}.Release|Any CPU.ActiveCfg = Release|Any CPU
		{B66FC8A8-7F45-4A2D-8A82-672257B3A2F1}.Release|Any CPU.Build.0 = Release|Any CPU
		{B66FC8A8-7F45-4A2D-8A82-672257B3A2F1}.Release|x86.ActiveCfg = Release|Any CPU
		{B66FC8A8-7F45-4A2D-8A82-672257B3A2F1}.Release|x86.Build.0 = Release|Any CPU
	EndGlobalSection
	GlobalSection(SolutionProperties) = preSolution
		HideSolutionNode = FALSE
	EndGlobalSection
EndGlobal
